
Microsoft Visual Studio Solution File, Format Version 12.00
# Visual Studio Version 16
VisualStudioVersion = 16.0.31515.178
MinimumVisualStudioVersion = 10.0.40219.1
Project("{9A19103F-16F7-4668-BE54-9A1E7A4F7556}") = "cookiesstoreapi", "cookiesstoreapi\cookiesstoreapi.csproj", "{0688E161-111D-40A8-B3FF-23BA9607C974}"
EndProject
Project("{FAE04EC0-301F-11D3-BF4B-00C04F79EFBC}") = "CookiesClient", "CookiesClient\CookiesClient.csproj", "{1211DF15-6784-4B23-B14E-05622F6B06B6}"
EndProject
Global
	GlobalSection(SolutionConfigurationPlatforms) = preSolution
		Debug|Any CPU = Debug|Any CPU
		Release|Any CPU = Release|Any CPU
	EndGlobalSection
	GlobalSection(ProjectConfigurationPlatforms) = postSolution
		{0688E161-111D-40A8-B3FF-23BA9607C974}.Debug|Any CPU.ActiveCfg = Debug|Any CPU
		{0688E161-111D-40A8-B3FF-23BA9607C974}.Debug|Any CPU.Build.0 = Debug|Any CPU
		{0688E161-111D-40A8-B3FF-23BA9607C974}.Release|Any CPU.ActiveCfg = Release|Any CPU
		{0688E161-111D-40A8-B3FF-23BA9607C974}.Release|Any CPU.Build.0 = Release|Any CPU
		{1211DF15-6784-4B23-B14E-05622F6B06B6}.Debug|Any CPU.ActiveCfg = Debug|Any CPU
		{1211DF15-6784-4B23-B14E-05622F6B06B6}.Debug|Any CPU.Build.0 = Debug|Any CPU
		{1211DF15-6784-4B23-B14E-05622F6B06B6}.Release|Any CPU.ActiveCfg = Release|Any CPU
		{1211DF15-6784-4B23-B14E-05622F6B06B6}.Release|Any CPU.Build.0 = Release|Any CPU
	EndGlobalSection
	GlobalSection(SolutionProperties) = preSolution
		HideSolutionNode = FALSE
	EndGlobalSection
	GlobalSection(ExtensibilityGlobals) = postSolution
		SolutionGuid = {7B918222-C0E7-4C82-8FC7-C8F8E2D0A3AB}
	EndGlobalSection
EndGlobal
